<?xml version="1.0" encoding="utf-8"?>
<Project ToolsVersion="4.0" xmlns="http://schemas.microsoft.com/developer/msbuild/2003">
  <ItemGroup>
    <Filter Include="source">
      <UniqueIdentifier>{f7afd3b7-79e4-4406-8412-1504637fa2e9}</UniqueIdentifier>
    </Filter>
    <Filter Include="source\app">
      <UniqueIdentifier>{276e0bd9-d5fb-46c0-a3c7-9a7b2422cdac}</UniqueIdentifier>
    </Filter>
    <Filter Include="asset">
      <UniqueIdentifier>{320ae8bf-1dbf-4b64-84b3-2f4942b49abc}</UniqueIdentifier>
    </Filter>
    <Filter Include="asset\shader">
      <UniqueIdentifier>{dcb51ca6-ff39-47d9-9a4e-c82575d238bd}</UniqueIdentifier>
    </Filter>
    <Filter Include="external">
      <UniqueIdentifier>{336bc5be-ae51-420d-aef7-82866935826f}</UniqueIdentifier>
    </Filter>
    <Filter Include="source\app\d3d12">
      <UniqueIdentifier>{5caabde6-5cd2-4315-bd28-ada33b8a7cc0}</UniqueIdentifier>
    </Filter>
    <Filter Include="source\dxlib">
      <UniqueIdentifier>{161eb6d5-257e-4cf4-9e62-6deede96f175}</UniqueIdentifier>
    </Filter>
  </ItemGroup>
  <ItemGroup>
    <ClCompile Include="..\..\..\..\..\source\app\d3d12\main.cpp">
      <Filter>source\app\d3d12</Filter>
    </ClCompile>
    <ClCompile Include="..\..\..\..\..\source\dxlib\d3d12_api.cpp">
      <Filter>source\dxlib</Filter>
    </ClCompile>
    <ClCompile Include="..\..\..\..\..\source\dxlib\dxgi_api.cpp">
      <Filter>source\dxlib</Filter>
    </ClCompile>
    <ClCompile Include="..\..\..\..\..\source\dxlib\file.cpp">
      <Filter>source\dxlib</Filter>
    </ClCompile>
    <ClCompile Include="..\..\..\..\..\source\dxlib\window.cpp">
      <Filter>source\dxlib</Filter>
    </ClCompile>
    <ClCompile Include="..\..\..\..\..\source\app\d3d12\d3d12_scene_triangle.cpp">
      <Filter>source\app\d3d12</Filter>
    </ClCompile>
  </ItemGroup>
  <ItemGroup>
    <ClInclude Include="..\..\..\..\..\source\app\scene_base.h">
      <Filter>source\app</Filter>
    </ClInclude>
    <ClInclude Include="..\..\..\..\..\source\dxlib\window.h">
      <Filter>source\dxlib</Filter>
    </ClInclude>
    <ClInclude Include="..\..\..\..\..\source\dxlib\camera.h">
      <Filter>source\dxlib</Filter>
    </ClInclude>
    <ClInclude Include="..\..\..\..\..\source\dxlib\d3d12_api.h">
      <Filter>source\dxlib</Filter>
    </ClInclude>
    <ClInclude Include="..\..\..\..\..\source\dxlib\debug.h">
      <Filter>source\dxlib</Filter>
    </ClInclude>
    <ClInclude Include="..\..\..\..\..\source\dxlib\dxgi_api.h">
      <Filter>source\dxlib</Filter>
    </ClInclude>
    <ClInclude Include="..\..\..\..\..\source\dxlib\file.h">
      <Filter>source\dxlib</Filter>
    </ClInclude>
    <ClInclude Include="..\..\..\..\..\source\dxlib\light.h">
      <Filter>source\dxlib</Filter>
    </ClInclude>
    <ClInclude Include="..\..\..\..\..\source\dxlib\math.h">
      <Filter>source\dxlib</Filter>
    </ClInclude>
    <ClInclude Include="..\..\..\..\..\source\dxlib\matrix.h">
      <Filter>source\dxlib</Filter>
    </ClInclude>
    <ClInclude Include="..\..\..\..\..\source\dxlib\static_mesh.h">
      <Filter>source\dxlib</Filter>
    </ClInclude>
    <ClInclude Include="..\..\..\..\..\source\dxlib\vector.h">
      <Filter>source\dxlib</Filter>
    </ClInclude>
    <ClInclude Include="..\..\..\..\..\source\dxlib\vertex.h">
      <Filter>source\dxlib</Filter>
    </ClInclude>
    <ClInclude Include="..\..\..\..\..\source\app\d3d12\d3d12_scene_triangle.h">
      <Filter>source\app\d3d12</Filter>
    </ClInclude>
  </ItemGroup>
  <ItemGroup>
    <None Include="..\..\..\..\..\asset\shader\static_mesh_pc.hlsli">
      <Filter>asset\shader</Filter>
    </None>
  </ItemGroup>
  <ItemGroup>
    <FxCompile Include="..\..\..\..\..\asset\shader\static_mesh_pc_vs.hlsl">
      <Filter>asset\shader</Filter>
    </FxCompile>
    <FxCompile Include="..\..\..\..\..\asset\shader\static_mesh_pc_ps.hlsl">
      <Filter>asset\shader</Filter>
    </FxCompile>
  </ItemGroup>
</Project>